
Microsoft Visual Studio Solution File, Format Version 12.00
# Visual Studio 15
VisualStudioVersion = 15.0.27130.2027
MinimumVisualStudioVersion = 10.0.40219.1
Project("{FAE04EC0-301F-11D3-BF4B-00C04F79EFBC}") = "WeatherNet.GeoDataService", "WeatherNet.GeoDataService\WeatherNet.GeoDataService.csproj", "{EFC0ACE7-4194-431A-9EAE-905A788161AF}"
EndProject
Global
	GlobalSection(SolutionConfigurationPlatforms) = preSolution
		Debug|Any CPU = Debug|Any CPU
		Release|Any CPU = Release|Any CPU
	EndGlobalSection
	GlobalSection(ProjectConfigurationPlatforms) = postSolution
		{EFC0ACE7-4194-431A-9EAE-905A788161AF}.Debug|Any CPU.ActiveCfg = Debug|Any CPU
		{EFC0ACE7-4194-431A-9EAE-905A788161AF}.Debug|Any CPU.Build.0 = Debug|Any CPU
		{EFC0ACE7-4194-431A-9EAE-905A788161AF}.Release|Any CPU.ActiveCfg = Release|Any CPU
		{EFC0ACE7-4194-431A-9EAE-905A788161AF}.Release|Any CPU.Build.0 = Release|Any CPU
	EndGlobalSection
	GlobalSection(SolutionProperties) = preSolution
		HideSolutionNode = FALSE
	EndGlobalSection
	GlobalSection(ExtensibilityGlobals) = postSolution
		SolutionGuid = {0F41FA62-B88C-4D1A-BF5E-86315F4CEC65}
	EndGlobalSection
EndGlobal
